// !$*UTF8*$!
{
	archiveVersion = 1;
	classes = {
	};
	objectVersion = 55;
	objects = {

/* Begin PBXBuildFile section */
		6EEA94380A185F5C0566AD56 /* Pods_Budgety_WalletApp.framework in Frameworks */ = {isa = PBXBuildFile; fileRef = FBB0F30AD056ED0655A60077 /* Pods_Budgety_WalletApp.framework */; };
		CF01F17B278B02BF00A5BA7C /* AddWalletViewController.swift in Sources */ = {isa = PBXBuildFile; fileRef = CF01F17A278B02BF00A5BA7C /* AddWalletViewController.swift */; };
		CF01F17D278B27C600A5BA7C /* SavingWallet.swift in Sources */ = {isa = PBXBuildFile; fileRef = CF01F17C278B27C600A5BA7C /* SavingWallet.swift */; };
		CF01F17F278CACD500A5BA7C /* SharedWallet.swift in Sources */ = {isa = PBXBuildFile; fileRef = CF01F17E278CACD500A5BA7C /* SharedWallet.swift */; };
		CF01F181278DA96400A5BA7C /* ApproveSavingWalletTableViewCell.swift in Sources */ = {isa = PBXBuildFile; fileRef = CF01F180278DA96400A5BA7C /* ApproveSavingWalletTableViewCell.swift */; };
		CF01F183278DAB1400A5BA7C /* UnApprovedSharedWalletViewController.swift in Sources */ = {isa = PBXBuildFile; fileRef = CF01F182278DAB1400A5BA7C /* UnApprovedSharedWalletViewController.swift */; };
		CF01F185278DF10F00A5BA7C /* UINavigationControllerExtension.swift in Sources */ = {isa = PBXBuildFile; fileRef = CF01F184278DF10F00A5BA7C /* UINavigationControllerExtension.swift */; };
		CF01F188278DF2C000A5BA7C /* AddTransactionViewControllerDelegate.swift in Sources */ = {isa = PBXBuildFile; fileRef = CF01F187278DF2C000A5BA7C /* AddTransactionViewControllerDelegate.swift */; };
		CF07F98327874D05005848D3 /* UIViewExtension.swift in Sources */ = {isa = PBXBuildFile; fileRef = CF07F98227874D05005848D3 /* UIViewExtension.swift */; };
		CF07F98527874E9C005848D3 /* UIColorExtension.swift in Sources */ = {isa = PBXBuildFile; fileRef = CF07F98427874E9C005848D3 /* UIColorExtension.swift */; };
		CF0A15E727841CC800D390A0 /* SavingViewController.swift in Sources */ = {isa = PBXBuildFile; fileRef = CF0A15E627841CC800D390A0 /* SavingViewController.swift */; };
		CF0A15E92784338800D390A0 /* SavingTableViewCell.swift in Sources */ = {isa = PBXBuildFile; fileRef = CF0A15E82784338800D390A0 /* SavingTableViewCell.swift */; };
		CF387A51278181E000301100 /* AppDelegate.swift in Sources */ = {isa = PBXBuildFile; fileRef = CF387A50278181E000301100 /* AppDelegate.swift */; };
		CF387A53278181E000301100 /* SceneDelegate.swift in Sources */ = {isa = PBXBuildFile; fileRef = CF387A52278181E000301100 /* SceneDelegate.swift */; };
		CF387A55278181E000301100 /* WelcomeViewController.swift in Sources */ = {isa = PBXBuildFile; fileRef = CF387A54278181E000301100 /* WelcomeViewController.swift */; };
		CF387A58278181E000301100 /* Main.storyboard in Resources */ = {isa = PBXBuildFile; fileRef = CF387A56278181E000301100 /* Main.storyboard */; };
		CF387A5B278181E000301100 /* Budgety_WalletApp.xcdatamodeld in Sources */ = {isa = PBXBuildFile; fileRef = CF387A59278181E000301100 /* Budgety_WalletApp.xcdatamodeld */; };
		CF387A5D278181E600301100 /* Assets.xcassets in Resources */ = {isa = PBXBuildFile; fileRef = CF387A5C278181E600301100 /* Assets.xcassets */; };
		CF387A60278181E600301100 /* LaunchScreen.storyboard in Resources */ = {isa = PBXBuildFile; fileRef = CF387A5E278181E600301100 /* LaunchScreen.storyboard */; };
		CF387A682781856400301100 /* GoogleService-Info.plist in Resources */ = {isa = PBXBuildFile; fileRef = CF387A672781856400301100 /* GoogleService-Info.plist */; };
		CF387A6D278199C500301100 /* EnumAssetsColor.swift in Sources */ = {isa = PBXBuildFile; fileRef = CF387A6C278199C500301100 /* EnumAssetsColor.swift */; };
		CF387A6F2781B4AB00301100 /* GetStartedViewController.swift in Sources */ = {isa = PBXBuildFile; fileRef = CF387A6E2781B4AB00301100 /* GetStartedViewController.swift */; };
		CF387A7127820E5C00301100 /* UITextFieldExtension .swift in Sources */ = {isa = PBXBuildFile; fileRef = CF387A7027820E5B00301100 /* UITextFieldExtension .swift */; };
		CF98D2FD2784C62800D78251 /* User.swift in Sources */ = {isa = PBXBuildFile; fileRef = CF98D2FC2784C62800D78251 /* User.swift */; };
		CF98D2FF2784DAE400D78251 /* Transaction.swift in Sources */ = {isa = PBXBuildFile; fileRef = CF98D2FE2784DAE400D78251 /* Transaction.swift */; };
		CF98D3012784DB6800D78251 /* EnumTransactionType.swift in Sources */ = {isa = PBXBuildFile; fileRef = CF98D3002784DB6800D78251 /* EnumTransactionType.swift */; };
		CF9D29852782CDB900AA6F1D /* DataBaseHandler.swift in Sources */ = {isa = PBXBuildFile; fileRef = CF9D29842782CDB900AA6F1D /* DataBaseHandler.swift */; };
		CF9D29872782E92100AA6F1D /* HomeViewController.swift in Sources */ = {isa = PBXBuildFile; fileRef = CF9D29862782E92100AA6F1D /* HomeViewController.swift */; };
		CFAC03E727835A7100180827 /* TapBar.swift in Sources */ = {isa = PBXBuildFile; fileRef = CFAC03E627835A7100180827 /* TapBar.swift */; };
		CFAC03E927835C9A00180827 /* AddTransactionViewController.swift in Sources */ = {isa = PBXBuildFile; fileRef = CFAC03E827835C9A00180827 /* AddTransactionViewController.swift */; };
		CFAC03EB278362AA00180827 /* TabBarController.swift in Sources */ = {isa = PBXBuildFile; fileRef = CFAC03EA278362AA00180827 /* TabBarController.swift */; };
		CFAC03ED2783711C00180827 /* TransactionTableViewCell.swift in Sources */ = {isa = PBXBuildFile; fileRef = CFAC03EC2783711C00180827 /* TransactionTableViewCell.swift */; };
		CFB39B632785788900217399 /* Wallet.swift in Sources */ = {isa = PBXBuildFile; fileRef = CFB39B622785788900217399 /* Wallet.swift */; };
/* End PBXBuildFile section */

/* Begin PBXFileReference section */
		B3485C0E4A14D51A204F53C4 /* Pods-Budgety-WalletApp.release.xcconfig */ = {isa = PBXFileReference; includeInIndex = 1; lastKnownFileType = text.xcconfig; name = "Pods-Budgety-WalletApp.release.xcconfig"; path = "Target Support Files/Pods-Budgety-WalletApp/Pods-Budgety-WalletApp.release.xcconfig"; sourceTree = "<group>"; };
		C6AD7A9D7D25111EBE9E3ACC /* Pods-Budgety-WalletApp.debug.xcconfig */ = {isa = PBXFileReference; includeInIndex = 1; lastKnownFileType = text.xcconfig; name = "Pods-Budgety-WalletApp.debug.xcconfig"; path = "Target Support Files/Pods-Budgety-WalletApp/Pods-Budgety-WalletApp.debug.xcconfig"; sourceTree = "<group>"; };
		CF01F17A278B02BF00A5BA7C /* AddWalletViewController.swift */ = {isa = PBXFileReference; lastKnownFileType = sourcecode.swift; path = AddWalletViewController.swift; sourceTree = "<group>"; };
		CF01F17C278B27C600A5BA7C /* SavingWallet.swift */ = {isa = PBXFileReference; lastKnownFileType = sourcecode.swift; path = SavingWallet.swift; sourceTree = "<group>"; };
		CF01F17E278CACD500A5BA7C /* SharedWallet.swift */ = {isa = PBXFileReference; lastKnownFileType = sourcecode.swift; path = SharedWallet.swift; sourceTree = "<group>"; };
		CF01F180278DA96400A5BA7C /* ApproveSavingWalletTableViewCell.swift */ = {isa = PBXFileReference; lastKnownFileType = sourcecode.swift; path = ApproveSavingWalletTableViewCell.swift; sourceTree = "<group>"; };
		CF01F182278DAB1400A5BA7C /* UnApprovedSharedWalletViewController.swift */ = {isa = PBXFileReference; lastKnownFileType = sourcecode.swift; path = UnApprovedSharedWalletViewController.swift; sourceTree = "<group>"; };
		CF01F184278DF10F00A5BA7C /* UINavigationControllerExtension.swift */ = {isa = PBXFileReference; lastKnownFileType = sourcecode.swift; path = UINavigationControllerExtension.swift; sourceTree = "<group>"; };
		CF01F187278DF2C000A5BA7C /* AddTransactionViewControllerDelegate.swift */ = {isa = PBXFileReference; lastKnownFileType = sourcecode.swift; path = AddTransactionViewControllerDelegate.swift; sourceTree = "<group>"; };
		CF07F98227874D05005848D3 /* UIViewExtension.swift */ = {isa = PBXFileReference; lastKnownFileType = sourcecode.swift; path = UIViewExtension.swift; sourceTree = "<group>"; };
		CF07F98427874E9C005848D3 /* UIColorExtension.swift */ = {isa = PBXFileReference; lastKnownFileType = sourcecode.swift; path = UIColorExtension.swift; sourceTree = "<group>"; };
		CF0A15E627841CC800D390A0 /* SavingViewController.swift */ = {isa = PBXFileReference; lastKnownFileType = sourcecode.swift; path = SavingViewController.swift; sourceTree = "<group>"; };
		CF0A15E82784338800D390A0 /* SavingTableViewCell.swift */ = {isa = PBXFileReference; lastKnownFileType = sourcecode.swift; path = SavingTableViewCell.swift; sourceTree = "<group>"; };
		CF387A4D278181E000301100 /* Budgety-WalletApp.app */ = {isa = PBXFileReference; explicitFileType = wrapper.application; includeInIndex = 0; path = "Budgety-WalletApp.app"; sourceTree = BUILT_PRODUCTS_DIR; };
		CF387A50278181E000301100 /* AppDelegate.swift */ = {isa = PBXFileReference; lastKnownFileType = sourcecode.swift; path = AppDelegate.swift; sourceTree = "<group>"; };
		CF387A52278181E000301100 /* SceneDelegate.swift */ = {isa = PBXFileReference; lastKnownFileType = sourcecode.swift; path = SceneDelegate.swift; sourceTree = "<group>"; };
		CF387A54278181E000301100 /* WelcomeViewController.swift */ = {isa = PBXFileReference; lastKnownFileType = sourcecode.swift; path = WelcomeViewController.swift; sourceTree = "<group>"; };
		CF387A57278181E000301100 /* Base */ = {isa = PBXFileReference; lastKnownFileType = file.storyboard; name = Base; path = Base.lproj/Main.storyboard; sourceTree = "<group>"; };
		CF387A5A278181E000301100 /* Budgety_WalletApp.xcdatamodel */ = {isa = PBXFileReference; lastKnownFileType = wrapper.xcdatamodel; path = Budgety_WalletApp.xcdatamodel; sourceTree = "<group>"; };
		CF387A5C278181E600301100 /* Assets.xcassets */ = {isa = PBXFileReference; lastKnownFileType = folder.assetcatalog; path = Assets.xcassets; sourceTree = "<group>"; };
		CF387A5F278181E600301100 /* Base */ = {isa = PBXFileReference; lastKnownFileType = file.storyboard; name = Base; path = Base.lproj/LaunchScreen.storyboard; sourceTree = "<group>"; };
		CF387A61278181E600301100 /* Info.plist */ = {isa = PBXFileReference; lastKnownFileType = text.plist.xml; path = Info.plist; sourceTree = "<group>"; };
		CF387A672781856400301100 /* GoogleService-Info.plist */ = {isa = PBXFileReference; fileEncoding = 4; lastKnownFileType = text.plist.xml; path = "GoogleService-Info.plist"; sourceTree = "<group>"; };
		CF387A6C278199C500301100 /* EnumAssetsColor.swift */ = {isa = PBXFileReference; lastKnownFileType = sourcecode.swift; path = EnumAssetsColor.swift; sourceTree = "<group>"; };
		CF387A6E2781B4AB00301100 /* GetStartedViewController.swift */ = {isa = PBXFileReference; lastKnownFileType = sourcecode.swift; path = GetStartedViewController.swift; sourceTree = "<group>"; };
		CF387A7027820E5B00301100 /* UITextFieldExtension .swift */ = {isa = PBXFileReference; lastKnownFileType = sourcecode.swift; path = "UITextFieldExtension .swift"; sourceTree = "<group>"; };
		CF98D2FC2784C62800D78251 /* User.swift */ = {isa = PBXFileReference; lastKnownFileType = sourcecode.swift; path = User.swift; sourceTree = "<group>"; };
		CF98D2FE2784DAE400D78251 /* Transaction.swift */ = {isa = PBXFileReference; lastKnownFileType = sourcecode.swift; path = Transaction.swift; sourceTree = "<group>"; };
		CF98D3002784DB6800D78251 /* EnumTransactionType.swift */ = {isa = PBXFileReference; lastKnownFileType = sourcecode.swift; path = EnumTransactionType.swift; sourceTree = "<group>"; };
		CF9D29842782CDB900AA6F1D /* DataBaseHandler.swift */ = {isa = PBXFileReference; lastKnownFileType = sourcecode.swift; path = DataBaseHandler.swift; sourceTree = "<group>"; };
		CF9D29862782E92100AA6F1D /* HomeViewController.swift */ = {isa = PBXFileReference; lastKnownFileType = sourcecode.swift; path = HomeViewController.swift; sourceTree = "<group>"; };
		CFAC03E627835A7100180827 /* TapBar.swift */ = {isa = PBXFileReference; lastKnownFileType = sourcecode.swift; path = TapBar.swift; sourceTree = "<group>"; };
		CFAC03E827835C9A00180827 /* AddTransactionViewController.swift */ = {isa = PBXFileReference; lastKnownFileType = sourcecode.swift; path = AddTransactionViewController.swift; sourceTree = "<group>"; };
		CFAC03EA278362AA00180827 /* TabBarController.swift */ = {isa = PBXFileReference; lastKnownFileType = sourcecode.swift; path = TabBarController.swift; sourceTree = "<group>"; };
		CFAC03EC2783711C00180827 /* TransactionTableViewCell.swift */ = {isa = PBXFileReference; lastKnownFileType = sourcecode.swift; path = TransactionTableViewCell.swift; sourceTree = "<group>"; };
		CFB39B622785788900217399 /* Wallet.swift */ = {isa = PBXFileReference; lastKnownFileType = sourcecode.swift; path = Wallet.swift; sourceTree = "<group>"; };
		FBB0F30AD056ED0655A60077 /* Pods_Budgety_WalletApp.framework */ = {isa = PBXFileReference; explicitFileType = wrapper.framework; includeInIndex = 0; path = Pods_Budgety_WalletApp.framework; sourceTree = BUILT_PRODUCTS_DIR; };
/* End PBXFileReference section */

/* Begin PBXFrameworksBuildPhase section */
		CF387A4A278181E000301100 /* Frameworks */ = {
			isa = PBXFrameworksBuildPhase;
			buildActionMask = 2147483647;
			files = (
				6EEA94380A185F5C0566AD56 /* Pods_Budgety_WalletApp.framework in Frameworks */,
			);
			runOnlyForDeploymentPostprocessing = 0;
		};
/* End PBXFrameworksBuildPhase section */

/* Begin PBXGroup section */
		43FBFCD57EBFEA67DCC94CBC /* Pods */ = {
			isa = PBXGroup;
			children = (
				C6AD7A9D7D25111EBE9E3ACC /* Pods-Budgety-WalletApp.debug.xcconfig */,
				B3485C0E4A14D51A204F53C4 /* Pods-Budgety-WalletApp.release.xcconfig */,
			);
			path = Pods;
			sourceTree = "<group>";
		};
		6620AA3A4857A4D71267DD98 /* Frameworks */ = {
			isa = PBXGroup;
			children = (
				FBB0F30AD056ED0655A60077 /* Pods_Budgety_WalletApp.framework */,
			);
			name = Frameworks;
			sourceTree = "<group>";
		};
		CF01F186278DF2A500A5BA7C /* Protocols */ = {
			isa = PBXGroup;
			children = (
				CF01F187278DF2C000A5BA7C /* AddTransactionViewControllerDelegate.swift */,
			);
			path = Protocols;
			sourceTree = "<group>";
		};
		CF07F98127874CD9005848D3 /* Extenstions */ = {
			isa = PBXGroup;
			children = (
				CF387A7027820E5B00301100 /* UITextFieldExtension .swift */,
				CF07F98227874D05005848D3 /* UIViewExtension.swift */,
				CF07F98427874E9C005848D3 /* UIColorExtension.swift */,
				CF01F184278DF10F00A5BA7C /* UINavigationControllerExtension.swift */,
			);
			path = Extenstions;
			sourceTree = "<group>";
		};
		CF387A44278181E000301100 = {
			isa = PBXGroup;
			children = (
				CF387A4F278181E000301100 /* Budgety-WalletApp */,
				CF387A4E278181E000301100 /* Products */,
				43FBFCD57EBFEA67DCC94CBC /* Pods */,
				6620AA3A4857A4D71267DD98 /* Frameworks */,
			);
			sourceTree = "<group>";
		};
		CF387A4E278181E000301100 /* Products */ = {
			isa = PBXGroup;
			children = (
				CF387A4D278181E000301100 /* Budgety-WalletApp.app */,
			);
			name = Products;
			sourceTree = "<group>";
		};
		CF387A4F278181E000301100 /* Budgety-WalletApp */ = {
			isa = PBXGroup;
			children = (
				CF387A6B27818B3B00301100 /* Controller */,
				CF387A6A27818B3600301100 /* View */,
				CF387A6927818B2E00301100 /* Model */,
				CF387A50278181E000301100 /* AppDelegate.swift */,
				CF387A52278181E000301100 /* SceneDelegate.swift */,
				CF387A5C278181E600301100 /* Assets.xcassets */,
				CF387A672781856400301100 /* GoogleService-Info.plist */,
				CF387A61278181E600301100 /* Info.plist */,
				CF387A59278181E000301100 /* Budgety_WalletApp.xcdatamodeld */,
			);
			path = "Budgety-WalletApp";
			sourceTree = "<group>";
		};
		CF387A6927818B2E00301100 /* Model */ = {
			isa = PBXGroup;
			children = (
				CF387A6C278199C500301100 /* EnumAssetsColor.swift */,
				CF98D2FC2784C62800D78251 /* User.swift */,
				CF98D2FE2784DAE400D78251 /* Transaction.swift */,
				CF98D3002784DB6800D78251 /* EnumTransactionType.swift */,
				CFB39B622785788900217399 /* Wallet.swift */,
				CF01F17C278B27C600A5BA7C /* SavingWallet.swift */,
				CF01F17E278CACD500A5BA7C /* SharedWallet.swift */,
			);
			path = Model;
			sourceTree = "<group>";
		};
		CF387A6A27818B3600301100 /* View */ = {
			isa = PBXGroup;
			children = (
				CF387A5E278181E600301100 /* LaunchScreen.storyboard */,
				CF387A56278181E000301100 /* Main.storyboard */,
			);
			path = View;
			sourceTree = "<group>";
		};
		CF387A6B27818B3B00301100 /* Controller */ = {
			isa = PBXGroup;
			children = (
				CF01F186278DF2A500A5BA7C /* Protocols */,
				CF07F98127874CD9005848D3 /* Extenstions */,
				CF387A54278181E000301100 /* WelcomeViewController.swift */,
				CF387A6E2781B4AB00301100 /* GetStartedViewController.swift */,
				CF9D29842782CDB900AA6F1D /* DataBaseHandler.swift */,
				CF9D29862782E92100AA6F1D /* HomeViewController.swift */,
				CFAC03E627835A7100180827 /* TapBar.swift */,
				CFAC03E827835C9A00180827 /* AddTransactionViewController.swift */,
				CFAC03EA278362AA00180827 /* TabBarController.swift */,
				CFAC03EC2783711C00180827 /* TransactionTableViewCell.swift */,
				CF0A15E627841CC800D390A0 /* SavingViewController.swift */,
				CF0A15E82784338800D390A0 /* SavingTableViewCell.swift */,
				CF01F17A278B02BF00A5BA7C /* AddWalletViewController.swift */,
				CF01F180278DA96400A5BA7C /* ApproveSavingWalletTableViewCell.swift */,
				CF01F182278DAB1400A5BA7C /* UnApprovedSharedWalletViewController.swift */,
			);
			path = Controller;
			sourceTree = "<group>";
		};
/* End PBXGroup section */

/* Begin PBXNativeTarget section */
		CF387A4C278181E000301100 /* Budgety-WalletApp */ = {
			isa = PBXNativeTarget;
			buildConfigurationList = CF387A64278181E600301100 /* Build configuration list for PBXNativeTarget "Budgety-WalletApp" */;
			buildPhases = (
				8AD3A905CD6F0D61C4820023 /* [CP] Check Pods Manifest.lock */,
				CF387A49278181E000301100 /* Sources */,
				CF387A4A278181E000301100 /* Frameworks */,
				CF387A4B278181E000301100 /* Resources */,
				245AEB1027BDFD366323968C /* [CP] Embed Pods Frameworks */,
			);
			buildRules = (
			);
			dependencies = (
			);
			name = "Budgety-WalletApp";
			productName = "Budgety-WalletApp";
			productReference = CF387A4D278181E000301100 /* Budgety-WalletApp.app */;
			productType = "com.apple.product-type.application";
		};
/* End PBXNativeTarget section */

/* Begin PBXProject section */
		CF387A45278181E000301100 /* Project object */ = {
			isa = PBXProject;
			attributes = {
				BuildIndependentTargetsInParallel = 1;
				LastSwiftUpdateCheck = 1320;
				LastUpgradeCheck = 1320;
				TargetAttributes = {
					CF387A4C278181E000301100 = {
						CreatedOnToolsVersion = 13.2.1;
					};
				};
			};
			buildConfigurationList = CF387A48278181E000301100 /* Build configuration list for PBXProject "Budgety-WalletApp" */;
			compatibilityVersion = "Xcode 13.0";
			developmentRegion = en;
			hasScannedForEncodings = 0;
			knownRegions = (
				en,
				Base,
			);
			mainGroup = CF387A44278181E000301100;
			productRefGroup = CF387A4E278181E000301100 /* Products */;
			projectDirPath = "";
			projectRoot = "";
			targets = (
				CF387A4C278181E000301100 /* Budgety-WalletApp */,
			);
		};
/* End PBXProject section */

/* Begin PBXResourcesBuildPhase section */
		CF387A4B278181E000301100 /* Resources */ = {
			isa = PBXResourcesBuildPhase;
			buildActionMask = 2147483647;
			files = (
				CF387A60278181E600301100 /* LaunchScreen.storyboard in Resources */,
				CF387A682781856400301100 /* GoogleService-Info.plist in Resources */,
				CF387A5D278181E600301100 /* Assets.xcassets in Resources */,
				CF387A58278181E000301100 /* Main.storyboard in Resources */,
			);
			runOnlyForDeploymentPostprocessing = 0;
		};
/* End PBXResourcesBuildPhase section */

/* Begin PBXShellScriptBuildPhase section */
		245AEB1027BDFD366323968C /* [CP] Embed Pods Frameworks */ = {
			isa = PBXShellScriptBuildPhase;
			buildActionMask = 2147483647;
			files = (
			);
			inputFileListPaths = (
				"${PODS_ROOT}/Target Support Files/Pods-Budgety-WalletApp/Pods-Budgety-WalletApp-frameworks-${CONFIGURATION}-input-files.xcfilelist",
			);
			name = "[CP] Embed Pods Frameworks";
			outputFileListPaths = (
				"${PODS_ROOT}/Target Support Files/Pods-Budgety-WalletApp/Pods-Budgety-WalletApp-frameworks-${CONFIGURATION}-output-files.xcfilelist",
			);
			runOnlyForDeploymentPostprocessing = 0;
			shellPath = /bin/sh;
			shellScript = "\"${PODS_ROOT}/Target Support Files/Pods-Budgety-WalletApp/Pods-Budgety-WalletApp-frameworks.sh\"\n";
			showEnvVarsInLog = 0;
		};
		8AD3A905CD6F0D61C4820023 /* [CP] Check Pods Manifest.lock */ = {
			isa = PBXShellScriptBuildPhase;
			buildActionMask = 2147483647;
			files = (
			);
			inputFileListPaths = (
			);
			inputPaths = (
				"${PODS_PODFILE_DIR_PATH}/Podfile.lock",
				"${PODS_ROOT}/Manifest.lock",
			);
			name = "[CP] Check Pods Manifest.lock";
			outputFileListPaths = (
			);
			outputPaths = (
				"$(DERIVED_FILE_DIR)/Pods-Budgety-WalletApp-checkManifestLockResult.txt",
			);
			runOnlyForDeploymentPostprocessing = 0;
			shellPath = /bin/sh;
			shellScript = "diff \"${PODS_PODFILE_DIR_PATH}/Podfile.lock\" \"${PODS_ROOT}/Manifest.lock\" > /dev/null\nif [ $? != 0 ] ; then\n    # print error to STDERR\n    echo \"error: The sandbox is not in sync with the Podfile.lock. Run 'pod install' or update your CocoaPods installation.\" >&2\n    exit 1\nfi\n# This output is used by Xcode 'outputs' to avoid re-running this script phase.\necho \"SUCCESS\" > \"${SCRIPT_OUTPUT_FILE_0}\"\n";
			showEnvVarsInLog = 0;
		};
/* End PBXShellScriptBuildPhase section */

/* Begin PBXSourcesBuildPhase section */
		CF387A49278181E000301100 /* Sources */ = {
			isa = PBXSourcesBuildPhase;
			buildActionMask = 2147483647;
			files = (
				CF0A15E727841CC800D390A0 /* SavingViewController.swift in Sources */,
				CF387A55278181E000301100 /* WelcomeViewController.swift in Sources */,
				CF01F185278DF10F00A5BA7C /* UINavigationControllerExtension.swift in Sources */,
				CF01F183278DAB1400A5BA7C /* UnApprovedSharedWalletViewController.swift in Sources */,
				CF387A6D278199C500301100 /* EnumAssetsColor.swift in Sources */,
				CF01F17B278B02BF00A5BA7C /* AddWalletViewController.swift in Sources */,
				CF0A15E92784338800D390A0 /* SavingTableViewCell.swift in Sources */,
				CF98D2FD2784C62800D78251 /* User.swift in Sources */,
				CF387A51278181E000301100 /* AppDelegate.swift in Sources */,
				CFB39B632785788900217399 /* Wallet.swift in Sources */,
				CF98D2FF2784DAE400D78251 /* Transaction.swift in Sources */,
				CF01F17D278B27C600A5BA7C /* SavingWallet.swift in Sources */,
				CF07F98527874E9C005848D3 /* UIColorExtension.swift in Sources */,
				CFAC03E927835C9A00180827 /* AddTransactionViewController.swift in Sources */,
				CF9D29852782CDB900AA6F1D /* DataBaseHandler.swift in Sources */,
				CF07F98327874D05005848D3 /* UIViewExtension.swift in Sources */,
				CF387A6F2781B4AB00301100 /* GetStartedViewController.swift in Sources */,
				CF98D3012784DB6800D78251 /* EnumTransactionType.swift in Sources */,
				CFAC03ED2783711C00180827 /* TransactionTableViewCell.swift in Sources */,
				CF9D29872782E92100AA6F1D /* HomeViewController.swift in Sources */,
				CF387A7127820E5C00301100 /* UITextFieldExtension .swift in Sources */,
				CFAC03E727835A7100180827 /* TapBar.swift in Sources */,
				CF01F188278DF2C000A5BA7C /* AddTransactionViewControllerDelegate.swift in Sources */,
				CFAC03EB278362AA00180827 /* TabBarController.swift in Sources */,
				CF01F181278DA96400A5BA7C /* ApproveSavingWalletTableViewCell.swift in Sources */,
				CF01F17F278CACD500A5BA7C /* SharedWallet.swift in Sources */,
				CF387A53278181E000301100 /* SceneDelegate.swift in Sources */,
				CF387A5B278181E000301100 /* Budgety_WalletApp.xcdatamodeld in Sources */,
			);
			runOnlyForDeploymentPostprocessing = 0;
		};
/* End PBXSourcesBuildPhase section */

/* Begin PBXVariantGroup section */
		CF387A56278181E000301100 /* Main.storyboard */ = {
			isa = PBXVariantGroup;
			children = (
				CF387A57278181E000301100 /* Base */,
			);
			name = Main.storyboard;
			sourceTree = "<group>";
		};
		CF387A5E278181E600301100 /* LaunchScreen.storyboard */ = {
			isa = PBXVariantGroup;
			children = (
				CF387A5F278181E600301100 /* Base */,
			);
			name = LaunchScreen.storyboard;
			sourceTree = "<group>";
		};
/* End PBXVariantGroup section */

/* Begin XCBuildConfiguration section */
		CF387A62278181E600301100 /* Debug */ = {
			isa = XCBuildConfiguration;
			buildSettings = {
				ALWAYS_SEARCH_USER_PATHS = NO;
				CLANG_ANALYZER_NONNULL = YES;
				CLANG_ANALYZER_NUMBER_OBJECT_CONVERSION = YES_AGGRESSIVE;
				CLANG_CXX_LANGUAGE_STANDARD = "gnu++17";
				CLANG_CXX_LIBRARY = "libc++";
				CLANG_ENABLE_MODULES = YES;
				CLANG_ENABLE_OBJC_ARC = YES;
				CLANG_ENABLE_OBJC_WEAK = YES;
				CLANG_WARN_BLOCK_CAPTURE_AUTORELEASING = YES;
				CLANG_WARN_BOOL_CONVERSION = YES;
				CLANG_WARN_COMMA = YES;
				CLANG_WARN_CONSTANT_CONVERSION = YES;
				CLANG_WARN_DEPRECATED_OBJC_IMPLEMENTATIONS = YES;
				CLANG_WARN_DIRECT_OBJC_ISA_USAGE = YES_ERROR;
				CLANG_WARN_DOCUMENTATION_COMMENTS = YES;
				CLANG_WARN_EMPTY_BODY = YES;
				CLANG_WARN_ENUM_CONVERSION = YES;
				CLANG_WARN_INFINITE_RECURSION = YES;
				CLANG_WARN_INT_CONVERSION = YES;
				CLANG_WARN_NON_LITERAL_NULL_CONVERSION = YES;
				CLANG_WARN_OBJC_IMPLICIT_RETAIN_SELF = YES;
				CLANG_WARN_OBJC_LITERAL_CONVERSION = YES;
				CLANG_WARN_OBJC_ROOT_CLASS = YES_ERROR;
				CLANG_WARN_QUOTED_INCLUDE_IN_FRAMEWORK_HEADER = YES;
				CLANG_WARN_RANGE_LOOP_ANALYSIS = YES;
				CLANG_WARN_STRICT_PROTOTYPES = YES;
				CLANG_WARN_SUSPICIOUS_MOVE = YES;
				CLANG_WARN_UNGUARDED_AVAILABILITY = YES_AGGRESSIVE;
				CLANG_WARN_UNREACHABLE_CODE = YES;
				CLANG_WARN__DUPLICATE_METHOD_MATCH = YES;
				COPY_PHASE_STRIP = NO;
				DEBUG_INFORMATION_FORMAT = dwarf;
				ENABLE_STRICT_OBJC_MSGSEND = YES;
				ENABLE_TESTABILITY = YES;
				GCC_C_LANGUAGE_STANDARD = gnu11;
				GCC_DYNAMIC_NO_PIC = NO;
				GCC_NO_COMMON_BLOCKS = YES;
				GCC_OPTIMIZATION_LEVEL = 0;
				GCC_PREPROCESSOR_DEFINITIONS = (
					"DEBUG=1",
					"$(inherited)",
				);
				GCC_WARN_64_TO_32_BIT_CONVERSION = YES;
				GCC_WARN_ABOUT_RETURN_TYPE = YES_ERROR;
				GCC_WARN_UNDECLARED_SELECTOR = YES;
				GCC_WARN_UNINITIALIZED_AUTOS = YES_AGGRESSIVE;
				GCC_WARN_UNUSED_FUNCTION = YES;
				GCC_WARN_UNUSED_VARIABLE = YES;
				IPHONEOS_DEPLOYMENT_TARGET = 15.2;
				MTL_ENABLE_DEBUG_INFO = INCLUDE_SOURCE;
				MTL_FAST_MATH = YES;
				ONLY_ACTIVE_ARCH = YES;
				SDKROOT = iphoneos;
				SWIFT_ACTIVE_COMPILATION_CONDITIONS = DEBUG;
				SWIFT_OPTIMIZATION_LEVEL = "-Onone";
			};
			name = Debug;
		};
		CF387A63278181E600301100 /* Release */ = {
			isa = XCBuildConfiguration;
			buildSettings = {
				ALWAYS_SEARCH_USER_PATHS = NO;
				CLANG_ANALYZER_NONNULL = YES;
				CLANG_ANALYZER_NUMBER_OBJECT_CONVERSION = YES_AGGRESSIVE;
				CLANG_CXX_LANGUAGE_STANDARD = "gnu++17";
				CLANG_CXX_LIBRARY = "libc++";
				CLANG_ENABLE_MODULES = YES;
				CLANG_ENABLE_OBJC_ARC = YES;
				CLANG_ENABLE_OBJC_WEAK = YES;
				CLANG_WARN_BLOCK_CAPTURE_AUTORELEASING = YES;
				CLANG_WARN_BOOL_CONVERSION = YES;
				CLANG_WARN_COMMA = YES;
				CLANG_WARN_CONSTANT_CONVERSION = YES;
				CLANG_WARN_DEPRECATED_OBJC_IMPLEMENTATIONS = YES;
				CLANG_WARN_DIRECT_OBJC_ISA_USAGE = YES_ERROR;
				CLANG_WARN_DOCUMENTATION_COMMENTS = YES;
				CLANG_WARN_EMPTY_BODY = YES;
				CLANG_WARN_ENUM_CONVERSION = YES;
				CLANG_WARN_INFINITE_RECURSION = YES;
				CLANG_WARN_INT_CONVERSION = YES;
				CLANG_WARN_NON_LITERAL_NULL_CONVERSION = YES;
				CLANG_WARN_OBJC_IMPLICIT_RETAIN_SELF = YES;
				CLANG_WARN_OBJC_LITERAL_CONVERSION = YES;
				CLANG_WARN_OBJC_ROOT_CLASS = YES_ERROR;
				CLANG_WARN_QUOTED_INCLUDE_IN_FRAMEWORK_HEADER = YES;
				CLANG_WARN_RANGE_LOOP_ANALYSIS = YES;
				CLANG_WARN_STRICT_PROTOTYPES = YES;
				CLANG_WARN_SUSPICIOUS_MOVE = YES;
				CLANG_WARN_UNGUARDED_AVAILABILITY = YES_AGGRESSIVE;
				CLANG_WARN_UNREACHABLE_CODE = YES;
				CLANG_WARN__DUPLICATE_METHOD_MATCH = YES;
				COPY_PHASE_STRIP = NO;
				DEBUG_INFORMATION_FORMAT = "dwarf-with-dsym";
				ENABLE_NS_ASSERTIONS = NO;
				ENABLE_STRICT_OBJC_MSGSEND = YES;
				GCC_C_LANGUAGE_STANDARD = gnu11;
				GCC_NO_COMMON_BLOCKS = YES;
				GCC_WARN_64_TO_32_BIT_CONVERSION = YES;
				GCC_WARN_ABOUT_RETURN_TYPE = YES_ERROR;
				GCC_WARN_UNDECLARED_SELECTOR = YES;
				GCC_WARN_UNINITIALIZED_AUTOS = YES_AGGRESSIVE;
				GCC_WARN_UNUSED_FUNCTION = YES;
				GCC_WARN_UNUSED_VARIABLE = YES;
				IPHONEOS_DEPLOYMENT_TARGET = 15.2;
				MTL_ENABLE_DEBUG_INFO = NO;
				MTL_FAST_MATH = YES;
				SDKROOT = iphoneos;
				SWIFT_COMPILATION_MODE = wholemodule;
				SWIFT_OPTIMIZATION_LEVEL = "-O";
				VALIDATE_PRODUCT = YES;
			};
			name = Release;
		};
		CF387A65278181E600301100 /* Debug */ = {
			isa = XCBuildConfiguration;
			baseConfigurationReference = C6AD7A9D7D25111EBE9E3ACC /* Pods-Budgety-WalletApp.debug.xcconfig */;
			buildSettings = {
				ASSETCATALOG_COMPILER_APPICON_NAME = AppIcon;
				ASSETCATALOG_COMPILER_GLOBAL_ACCENT_COLOR_NAME = AccentColor;
				CODE_SIGN_STYLE = Automatic;
				CURRENT_PROJECT_VERSION = 1;
				GENERATE_INFOPLIST_FILE = YES;
				INFOPLIST_FILE = "Budgety-WalletApp/Info.plist";
				INFOPLIST_KEY_UIApplicationSupportsIndirectInputEvents = YES;
				INFOPLIST_KEY_UILaunchStoryboardName = LaunchScreen;
				INFOPLIST_KEY_UIMainStoryboardFile = Main;
				INFOPLIST_KEY_UISupportedInterfaceOrientations_iPad = "UIInterfaceOrientationPortrait UIInterfaceOrientationPortraitUpsideDown UIInterfaceOrientationLandscapeLeft UIInterfaceOrientationLandscapeRight";
				INFOPLIST_KEY_UISupportedInterfaceOrientations_iPhone = "UIInterfaceOrientationPortrait UIInterfaceOrientationLandscapeLeft UIInterfaceOrientationLandscapeRight";
				LD_RUNPATH_SEARCH_PATHS = (
					"$(inherited)",
					"@executable_path/Frameworks",
				);
				MARKETING_VERSION = 1.0;
				PRODUCT_BUNDLE_IDENTIFIER = "com.RayanTaj.Budgety-WalletApp";
				PRODUCT_NAME = "$(TARGET_NAME)";
				SWIFT_EMIT_LOC_STRINGS = YES;
				SWIFT_VERSION = 5.0;
				TARGETED_DEVICE_FAMILY = "1,2";
			};
			name = Debug;
		};
		CF387A66278181E600301100 /* Release */ = {
			isa = XCBuildConfiguration;
			baseConfigurationReference = B3485C0E4A14D51A204F53C4 /* Pods-Budgety-WalletApp.release.xcconfig */;
			buildSettings = {
				ASSETCATALOG_COMPILER_APPICON_NAME = AppIcon;
				ASSETCATALOG_COMPILER_GLOBAL_ACCENT_COLOR_NAME = AccentColor;
				CODE_SIGN_STYLE = Automatic;
				CURRENT_PROJECT_VERSION = 1;
				GENERATE_INFOPLIST_FILE = YES;
				INFOPLIST_FILE = "Budgety-WalletApp/Info.plist";
				INFOPLIST_KEY_UIApplicationSupportsIndirectInputEvents = YES;
				INFOPLIST_KEY_UILaunchStoryboardName = LaunchScreen;
				INFOPLIST_KEY_UIMainStoryboardFile = Main;
				INFOPLIST_KEY_UISupportedInterfaceOrientations_iPad = "UIInterfaceOrientationPortrait UIInterfaceOrientationPortraitUpsideDown UIInterfaceOrientationLandscapeLeft UIInterfaceOrientationLandscapeRight";
				INFOPLIST_KEY_UISupportedInterfaceOrientations_iPhone = "UIInterfaceOrientationPortrait UIInterfaceOrientationLandscapeLeft UIInterfaceOrientationLandscapeRight";
				LD_RUNPATH_SEARCH_PATHS = (
					"$(inherited)",
					"@executable_path/Frameworks",
				);
				MARKETING_VERSION = 1.0;
				PRODUCT_BUNDLE_IDENTIFIER = "com.RayanTaj.Budgety-WalletApp";
				PRODUCT_NAME = "$(TARGET_NAME)";
				SWIFT_EMIT_LOC_STRINGS = YES;
				SWIFT_VERSION = 5.0;
				TARGETED_DEVICE_FAMILY = "1,2";
			};
			name = Release;
		};
/* End XCBuildConfiguration section */

/* Begin XCConfigurationList section */
		CF387A48278181E000301100 /* Build configuration list for PBXProject "Budgety-WalletApp" */ = {
			isa = XCConfigurationList;
			buildConfigurations = (
				CF387A62278181E600301100 /* Debug */,
				CF387A63278181E600301100 /* Release */,
			);
			defaultConfigurationIsVisible = 0;
			defaultConfigurationName = Release;
		};
		CF387A64278181E600301100 /* Build configuration list for PBXNativeTarget "Budgety-WalletApp" */ = {
			isa = XCConfigurationList;
			buildConfigurations = (
				CF387A65278181E600301100 /* Debug */,
				CF387A66278181E600301100 /* Release */,
			);
			defaultConfigurationIsVisible = 0;
			defaultConfigurationName = Release;
		};
/* End XCConfigurationList section */

/* Begin XCVersionGroup section */
		CF387A59278181E000301100 /* Budgety_WalletApp.xcdatamodeld */ = {
			isa = XCVersionGroup;
			children = (
				CF387A5A278181E000301100 /* Budgety_WalletApp.xcdatamodel */,
			);
			currentVersion = CF387A5A278181E000301100 /* Budgety_WalletApp.xcdatamodel */;
			path = Budgety_WalletApp.xcdatamodeld;
			sourceTree = "<group>";
			versionGroupType = wrapper.xcdatamodel;
		};
/* End XCVersionGroup section */
	};
	rootObject = CF387A45278181E000301100 /* Project object */;
}
